
Microsoft Visual Studio Solution File, Format Version 12.00
# Visual Studio Version 17
VisualStudioVersion = 17.12.35506.116
MinimumVisualStudioVersion = 10.0.40219.1
Project("{2150E333-8FDC-42A3-9474-1A3956D46DE8}") = "Utilities", "Utilities", "{2B713985-4B7A-498E-A9CE-F7C9FD558EAF}"
EndProject
Project("{2150E333-8FDC-42A3-9474-1A3956D46DE8}") = "Deployables", "Deployables", "{3391D529-4316-44D2-A352-99F36A1E6B99}"
EndProject
Project("{FAE04EC0-301F-11D3-BF4B-00C04F79EFBC}") = "API", "API\API.csproj", "{2E98F396-C30E-4E95-BE4F-D2521CC612E7}"
EndProject
Project("{FAE04EC0-301F-11D3-BF4B-00C04F79EFBC}") = "Tests.xUnit", "Tests.xUnit\Tests.xUnit.csproj", "{F3763BE1-B033-41CD-A3FC-B15F31D0A566}"
EndProject
Project("{FAE04EC0-301F-11D3-BF4B-00C04F79EFBC}") = "Tests.Specs", "Tests.Specs\Tests.Specs.csproj", "{8C048567-92E7-4D78-8161-B2111ADECD8C}"
EndProject
Global
	GlobalSection(SolutionConfigurationPlatforms) = preSolution
		Debug|Any CPU = Debug|Any CPU
		Release|Any CPU = Release|Any CPU
	EndGlobalSection
	GlobalSection(ProjectConfigurationPlatforms) = postSolution
		{2E98F396-C30E-4E95-BE4F-D2521CC612E7}.Debug|Any CPU.ActiveCfg = Debug|Any CPU
		{2E98F396-C30E-4E95-BE4F-D2521CC612E7}.Debug|Any CPU.Build.0 = Debug|Any CPU
		{2E98F396-C30E-4E95-BE4F-D2521CC612E7}.Release|Any CPU.ActiveCfg = Release|Any CPU
		{2E98F396-C30E-4E95-BE4F-D2521CC612E7}.Release|Any CPU.Build.0 = Release|Any CPU
		{F3763BE1-B033-41CD-A3FC-B15F31D0A566}.Debug|Any CPU.ActiveCfg = Debug|Any CPU
		{F3763BE1-B033-41CD-A3FC-B15F31D0A566}.Debug|Any CPU.Build.0 = Debug|Any CPU
		{F3763BE1-B033-41CD-A3FC-B15F31D0A566}.Release|Any CPU.ActiveCfg = Release|Any CPU
		{F3763BE1-B033-41CD-A3FC-B15F31D0A566}.Release|Any CPU.Build.0 = Release|Any CPU
		{8C048567-92E7-4D78-8161-B2111ADECD8C}.Debug|Any CPU.ActiveCfg = Debug|Any CPU
		{8C048567-92E7-4D78-8161-B2111ADECD8C}.Debug|Any CPU.Build.0 = Debug|Any CPU
		{8C048567-92E7-4D78-8161-B2111ADECD8C}.Release|Any CPU.ActiveCfg = Release|Any CPU
		{8C048567-92E7-4D78-8161-B2111ADECD8C}.Release|Any CPU.Build.0 = Release|Any CPU
	EndGlobalSection
	GlobalSection(SolutionProperties) = preSolution
		HideSolutionNode = FALSE
	EndGlobalSection
	GlobalSection(NestedProjects) = preSolution
		{2E98F396-C30E-4E95-BE4F-D2521CC612E7} = {3391D529-4316-44D2-A352-99F36A1E6B99}
	EndGlobalSection
EndGlobal
